
Microsoft Visual Studio Solution File, Format Version 12.00
# Visual Studio Version 17
VisualStudioVersion = 17.0.31903.59
MinimumVisualStudioVersion = 10.0.40219.1
Project("{FAE04EC0-301F-11D3-BF4B-00C04F79EFBC}") = "Core", "Core\Core.csproj", "{43B66AD6-5773-4992-A9F9-0910C804EB4E}"
EndProject
Project("{FAE04EC0-301F-11D3-BF4B-00C04F79EFBC}") = "Infrastructure", "Infrastructure\Infrastructure.csproj", "{7D801363-278B-403B-880E-8835D0EAE456}"
EndProject
Project("{FAE04EC0-301F-11D3-BF4B-00C04F79EFBC}") = "Application", "Application\Application.csproj", "{82D9C662-EE67-4A4B-80C6-7657DD3E1A3A}"
EndProject
Project("{FAE04EC0-301F-11D3-BF4B-00C04F79EFBC}") = "Api", "Api\Api.csproj", "{80B98432-F31A-4CA5-98D7-559F42A0C4B0}"
EndProject
Project("{FAE04EC0-301F-11D3-BF4B-00C04F79EFBC}") = "Test", "Test\Test.csproj", "{E522F355-50F4-42CE-A112-0A3A499E16D1}"
EndProject
Global
	GlobalSection(SolutionConfigurationPlatforms) = preSolution
		Debug|Any CPU = Debug|Any CPU
		Release|Any CPU = Release|Any CPU
	EndGlobalSection
	GlobalSection(ProjectConfigurationPlatforms) = postSolution
		{55EE9CBD-DDF8-4B0C-B91B-95D0705C5505}.Debug|Any CPU.ActiveCfg = Debug|Any CPU
		{55EE9CBD-DDF8-4B0C-B91B-95D0705C5505}.Debug|Any CPU.Build.0 = Debug|Any CPU
		{55EE9CBD-DDF8-4B0C-B91B-95D0705C5505}.Release|Any CPU.ActiveCfg = Release|Any CPU
		{55EE9CBD-DDF8-4B0C-B91B-95D0705C5505}.Release|Any CPU.Build.0 = Release|Any CPU
		{43B66AD6-5773-4992-A9F9-0910C804EB4E}.Debug|Any CPU.ActiveCfg = Debug|Any CPU
		{43B66AD6-5773-4992-A9F9-0910C804EB4E}.Debug|Any CPU.Build.0 = Debug|Any CPU
		{43B66AD6-5773-4992-A9F9-0910C804EB4E}.Release|Any CPU.ActiveCfg = Release|Any CPU
		{43B66AD6-5773-4992-A9F9-0910C804EB4E}.Release|Any CPU.Build.0 = Release|Any CPU
		{7D801363-278B-403B-880E-8835D0EAE456}.Debug|Any CPU.ActiveCfg = Debug|Any CPU
		{7D801363-278B-403B-880E-8835D0EAE456}.Debug|Any CPU.Build.0 = Debug|Any CPU
		{7D801363-278B-403B-880E-8835D0EAE456}.Release|Any CPU.ActiveCfg = Release|Any CPU
		{7D801363-278B-403B-880E-8835D0EAE456}.Release|Any CPU.Build.0 = Release|Any CPU
		{82D9C662-EE67-4A4B-80C6-7657DD3E1A3A}.Debug|Any CPU.ActiveCfg = Debug|Any CPU
		{82D9C662-EE67-4A4B-80C6-7657DD3E1A3A}.Debug|Any CPU.Build.0 = Debug|Any CPU
		{82D9C662-EE67-4A4B-80C6-7657DD3E1A3A}.Release|Any CPU.ActiveCfg = Release|Any CPU
		{82D9C662-EE67-4A4B-80C6-7657DD3E1A3A}.Release|Any CPU.Build.0 = Release|Any CPU
		{80B98432-F31A-4CA5-98D7-559F42A0C4B0}.Debug|Any CPU.ActiveCfg = Debug|Any CPU
		{80B98432-F31A-4CA5-98D7-559F42A0C4B0}.Debug|Any CPU.Build.0 = Debug|Any CPU
		{80B98432-F31A-4CA5-98D7-559F42A0C4B0}.Release|Any CPU.ActiveCfg = Release|Any CPU
		{80B98432-F31A-4CA5-98D7-559F42A0C4B0}.Release|Any CPU.Build.0 = Release|Any CPU
		{E522F355-50F4-42CE-A112-0A3A499E16D1}.Debug|Any CPU.ActiveCfg = Debug|Any CPU
		{E522F355-50F4-42CE-A112-0A3A499E16D1}.Debug|Any CPU.Build.0 = Debug|Any CPU
		{E522F355-50F4-42CE-A112-0A3A499E16D1}.Release|Any CPU.ActiveCfg = Release|Any CPU
		{E522F355-50F4-42CE-A112-0A3A499E16D1}.Release|Any CPU.Build.0 = Release|Any CPU
	EndGlobalSection
	GlobalSection(SolutionProperties) = preSolution
		HideSolutionNode = FALSE
	EndGlobalSection
EndGlobal
